{
  "name": "@bs-oak/http",
  "version": "0.1.0",
  "lockfileVersion": 1,
  "requires": true,
  "dependencies": {
    "@bs-oak/core": {
      "version": "0.1.4",
      "resolved": "https://registry.npmjs.org/@bs-oak/core/-/core-0.1.4.tgz",
      "integrity": "sha512-6bAyTZLJBCu0u2Iss4U5n5GwZp7yvMZE3s/FwGaJ4PYUMO/lZjzuQHVIaoIZsOodRhbMsXdq7i9rzgIcErghMg==",
      "dev": true
    },
    "@bs-oak/json": {
      "version": "0.1.3",
      "resolved": "https://registry.npmjs.org/@bs-oak/json/-/json-0.1.3.tgz",
      "integrity": "sha512-ddKxctDC4/N4atTD0bsYGo+ZGL9XywHblrcgRJZd14AIzkOiDXxswVMdA5CtTiETjgVJHFNpNp8jNGM7HkkSqw=="
    },
    "bs-platform": {
      "version": "3.1.5",
      "resolved": "https://registry.npmjs.org/bs-platform/-/bs-platform-3.1.5.tgz",
      "integrity": "sha1-+zTuRwK8kWOEjVU3CWxPMeuu7UA=",
      "dev": true
    }
  }
}
