{
  "name": "@bs-oak/http",
  "version": "0.1.6",
  "lockfileVersion": 1,
  "requires": true,
  "dependencies": {
    "@bs-oak/core": {
      "version": "0.1.9",
      "resolved": "https://registry.npmjs.org/@bs-oak/core/-/core-0.1.9.tgz",
      "integrity": "sha512-xJtDnOCT+jUh1aU9fYJTML8EfI6XlIJ7ob3O9DcZmY7Ooj/i+Au6HyjpwR6xizAwDBq4x/D4MxG7pkljO/i6pQ==",
      "dev": true
    },
    "@bs-oak/json": {
      "version": "0.1.4",
      "resolved": "https://registry.npmjs.org/@bs-oak/json/-/json-0.1.4.tgz",
      "integrity": "sha512-ns0EwaV1hOc8Ti034dbPYZOj5t0dz0CJlvQprzOKwLhtBDMpTjhfBV8V2NgMJwwSmGJh2yaoOUQCabHeMye2oA=="
    },
    "bs-platform": {
      "version": "3.1.5",
      "resolved": "https://registry.npmjs.org/bs-platform/-/bs-platform-3.1.5.tgz",
      "integrity": "sha1-+zTuRwK8kWOEjVU3CWxPMeuu7UA=",
      "dev": true
    }
  }
}
